
Microsoft Visual Studio Solution File, Format Version 12.00
# Visual Studio Version 17
VisualStudioVersion = 17.0.31612.314
MinimumVisualStudioVersion = 10.0.40219.1
Project("{2150E333-8FDC-42A3-9474-1A3956D46DE8}") = "Solution Items", "Solution Items", "{5CE27248-3050-4DA7-967A-A8CD757BBAF5}"
	ProjectSection(SolutionItems) = preProject
		..\contributors.md = ..\contributors.md
		fhir-net-web-api.props = fhir-net-web-api.props
		..\LICENSE = ..\LICENSE
		platforms.props = platforms.props
		..\pull_request_template.md = ..\pull_request_template.md
		..\readme.md = ..\readme.md
	EndProjectSection
EndProject
Project("{9A19103F-16F7-4668-BE54-9A1E7A4F7556}") = "Hl7.DemoFileSystemFhirServer.AspNetCore", "Hl7.DemoFileSystemFhirServer.AspNetCore\Hl7.DemoFileSystemFhirServer.AspNetCore.csproj", "{90623A46-9806-46DF-9E2E-E6BC139B961A}"
EndProject
Project("{9A19103F-16F7-4668-BE54-9A1E7A4F7556}") = "Test.WebApi.AspNetCore", "Test.WebApi.AspNetCore\Test.WebApi.AspNetCore.csproj", "{ED8F6692-A85A-49B8-A7CF-44B45ADAF72F}"
EndProject
Project("{9A19103F-16F7-4668-BE54-9A1E7A4F7556}") = "Test.WebApi.Owin", "Test.WebApi.Owin\Test.WebApi.Owin.csproj", "{1125F427-BD84-451E-AF1D-C853835052CB}"
EndProject
Project("{FAE04EC0-301F-11D3-BF4B-00C04F79EFBC}") = "Hl7.DemoFileSystemFhirServer.Owin", "Hl7.DemoFileSystemFhirServer.Owin\Hl7.DemoFileSystemFhirServer.Owin.csproj", "{79E3D0DC-BFDF-451E-89DE-52AF77F2F416}"
EndProject
Project("{9A19103F-16F7-4668-BE54-9A1E7A4F7556}") = "Hl7.Fhir.R4.WebApi.AspNetCore", "Hl7.Fhir.WebApi.AspNetCore\Hl7.Fhir.R4.WebApi.AspNetCore.csproj", "{7825ADC5-51C5-403A-B5D2-FF1E5B69AA77}"
EndProject
Project("{9A19103F-16F7-4668-BE54-9A1E7A4F7556}") = "Hl7.Fhir.R4.WebApi.Owin", "Hl7.Fhir.WebApi.Owin\Hl7.Fhir.R4.WebApi.Owin.csproj", "{F219EEF4-570C-4DFE-9EE4-D11D5D093D5B}"
EndProject
Project("{9A19103F-16F7-4668-BE54-9A1E7A4F7556}") = "Hl7.Fhir.R4.WebApi.Support", "Hl7.Fhir.WebApi.Support\Hl7.Fhir.R4.WebApi.Support.csproj", "{1752B9AD-8F42-4A19-88A5-BD1F68C98228}"
EndProject
Project("{9A19103F-16F7-4668-BE54-9A1E7A4F7556}") = "Hl7.Fhir.Custom.Serializers", "Hl7.Fhir.Custom.Serializers\Hl7.Fhir.Custom.Serializers.csproj", "{915E4E35-F48F-45B4-8ED2-DD95BC6C581E}"
EndProject
Project("{9A19103F-16F7-4668-BE54-9A1E7A4F7556}") = "Hl7.Fhir.R4.HttpClient", "Hl7.Fhir.HttpClient\Hl7.Fhir.R4.HttpClient.csproj", "{0D50F573-7AF8-416D-8364-7EDD21F5503C}"
EndProject
Project("{9A19103F-16F7-4668-BE54-9A1E7A4F7556}") = "Hl7.Fhir.R4.DemoFileSystemServer", "Hl7.Fhir.DemoFileSystemServer\Hl7.Fhir.R4.DemoFileSystemServer.csproj", "{1B81B226-5E4E-41C4-B85C-D6605D60C918}"
EndProject
Project("{9A19103F-16F7-4668-BE54-9A1E7A4F7556}") = "Hl7.Fhir.R4.DemoSqliteServer", "Hl7.Fhir.DemoSqliteServer\Hl7.Fhir.R4.DemoSqliteServer.csproj", "{BB361399-9AF7-4C48-8DC3-715D6F77507C}"
EndProject
Project("{9A19103F-16F7-4668-BE54-9A1E7A4F7556}") = "Microsoft.Health.Fhir.Facade.SqlServer", "Microsoft.Health.Fhir.Facade.SqlServer\Microsoft.Health.Fhir.Facade.SqlServer.csproj", "{473462AB-2895-4BA1-BF1C-8535A9D450C4}"
EndProject
Project("{9A19103F-16F7-4668-BE54-9A1E7A4F7556}") = "Microsoft.Health.Fhir.Facade", "Microsoft.Health.Fhir.Facade\Microsoft.Health.Fhir.Facade.csproj", "{FB918B25-C736-4C52-BE21-9D9C756C5564}"
EndProject
Project("{9A19103F-16F7-4668-BE54-9A1E7A4F7556}") = "Hl7.Fhir.R4.StructuredDataCapture", "Hl7.Fhir.StructuredDataCapture\Hl7.Fhir.R4.StructuredDataCapture.csproj", "{E0FAE701-F963-4626-B2AE-0EF7FE6374A8}"
EndProject
Project("{9A19103F-16F7-4668-BE54-9A1E7A4F7556}") = "Test.Hl7.Fhir.StructuredDataCapture", "Test.Hl7.Fhir.StructuredDataCapture\Test.Hl7.Fhir.StructuredDataCapture.csproj", "{476FF6CE-682E-401A-BFD5-6DE000504AD2}"
EndProject
Project("{9A19103F-16F7-4668-BE54-9A1E7A4F7556}") = "Hl7.DemoSDCExtractOperation", "Hl7.DemoSDCExtractOperation\Hl7.DemoSDCExtractOperation.csproj", "{78DBB9D6-9E23-47AD-B60B-2FB849253765}"
EndProject
Global
	GlobalSection(SolutionConfigurationPlatforms) = preSolution
		Debug|Any CPU = Debug|Any CPU
		Release|Any CPU = Release|Any CPU
	EndGlobalSection
	GlobalSection(ProjectConfigurationPlatforms) = postSolution
		{90623A46-9806-46DF-9E2E-E6BC139B961A}.Debug|Any CPU.ActiveCfg = Debug|Any CPU
		{90623A46-9806-46DF-9E2E-E6BC139B961A}.Debug|Any CPU.Build.0 = Debug|Any CPU
		{90623A46-9806-46DF-9E2E-E6BC139B961A}.Release|Any CPU.ActiveCfg = Release|Any CPU
		{90623A46-9806-46DF-9E2E-E6BC139B961A}.Release|Any CPU.Build.0 = Release|Any CPU
		{ED8F6692-A85A-49B8-A7CF-44B45ADAF72F}.Debug|Any CPU.ActiveCfg = Debug|Any CPU
		{ED8F6692-A85A-49B8-A7CF-44B45ADAF72F}.Debug|Any CPU.Build.0 = Debug|Any CPU
		{ED8F6692-A85A-49B8-A7CF-44B45ADAF72F}.Release|Any CPU.ActiveCfg = Release|Any CPU
		{ED8F6692-A85A-49B8-A7CF-44B45ADAF72F}.Release|Any CPU.Build.0 = Release|Any CPU
		{1125F427-BD84-451E-AF1D-C853835052CB}.Debug|Any CPU.ActiveCfg = Debug|Any CPU
		{1125F427-BD84-451E-AF1D-C853835052CB}.Debug|Any CPU.Build.0 = Debug|Any CPU
		{1125F427-BD84-451E-AF1D-C853835052CB}.Release|Any CPU.ActiveCfg = Release|Any CPU
		{1125F427-BD84-451E-AF1D-C853835052CB}.Release|Any CPU.Build.0 = Release|Any CPU
		{79E3D0DC-BFDF-451E-89DE-52AF77F2F416}.Debug|Any CPU.ActiveCfg = Debug|Any CPU
		{79E3D0DC-BFDF-451E-89DE-52AF77F2F416}.Debug|Any CPU.Build.0 = Debug|Any CPU
		{79E3D0DC-BFDF-451E-89DE-52AF77F2F416}.Release|Any CPU.ActiveCfg = Release|Any CPU
		{79E3D0DC-BFDF-451E-89DE-52AF77F2F416}.Release|Any CPU.Build.0 = Release|Any CPU
		{7825ADC5-51C5-403A-B5D2-FF1E5B69AA77}.Debug|Any CPU.ActiveCfg = Debug|Any CPU
		{7825ADC5-51C5-403A-B5D2-FF1E5B69AA77}.Debug|Any CPU.Build.0 = Debug|Any CPU
		{7825ADC5-51C5-403A-B5D2-FF1E5B69AA77}.Release|Any CPU.ActiveCfg = Release|Any CPU
		{7825ADC5-51C5-403A-B5D2-FF1E5B69AA77}.Release|Any CPU.Build.0 = Release|Any CPU
		{F219EEF4-570C-4DFE-9EE4-D11D5D093D5B}.Debug|Any CPU.ActiveCfg = Debug|Any CPU
		{F219EEF4-570C-4DFE-9EE4-D11D5D093D5B}.Debug|Any CPU.Build.0 = Debug|Any CPU
		{F219EEF4-570C-4DFE-9EE4-D11D5D093D5B}.Release|Any CPU.ActiveCfg = Release|Any CPU
		{F219EEF4-570C-4DFE-9EE4-D11D5D093D5B}.Release|Any CPU.Build.0 = Release|Any CPU
		{1752B9AD-8F42-4A19-88A5-BD1F68C98228}.Debug|Any CPU.ActiveCfg = Debug|Any CPU
		{1752B9AD-8F42-4A19-88A5-BD1F68C98228}.Debug|Any CPU.Build.0 = Debug|Any CPU
		{1752B9AD-8F42-4A19-88A5-BD1F68C98228}.Release|Any CPU.ActiveCfg = Release|Any CPU
		{1752B9AD-8F42-4A19-88A5-BD1F68C98228}.Release|Any CPU.Build.0 = Release|Any CPU
		{915E4E35-F48F-45B4-8ED2-DD95BC6C581E}.Debug|Any CPU.ActiveCfg = Debug|Any CPU
		{915E4E35-F48F-45B4-8ED2-DD95BC6C581E}.Debug|Any CPU.Build.0 = Debug|Any CPU
		{915E4E35-F48F-45B4-8ED2-DD95BC6C581E}.Release|Any CPU.ActiveCfg = Release|Any CPU
		{915E4E35-F48F-45B4-8ED2-DD95BC6C581E}.Release|Any CPU.Build.0 = Release|Any CPU
		{0D50F573-7AF8-416D-8364-7EDD21F5503C}.Debug|Any CPU.ActiveCfg = Debug|Any CPU
		{0D50F573-7AF8-416D-8364-7EDD21F5503C}.Debug|Any CPU.Build.0 = Debug|Any CPU
		{0D50F573-7AF8-416D-8364-7EDD21F5503C}.Release|Any CPU.ActiveCfg = Release|Any CPU
		{0D50F573-7AF8-416D-8364-7EDD21F5503C}.Release|Any CPU.Build.0 = Release|Any CPU
		{1B81B226-5E4E-41C4-B85C-D6605D60C918}.Debug|Any CPU.ActiveCfg = Debug|Any CPU
		{1B81B226-5E4E-41C4-B85C-D6605D60C918}.Debug|Any CPU.Build.0 = Debug|Any CPU
		{1B81B226-5E4E-41C4-B85C-D6605D60C918}.Release|Any CPU.ActiveCfg = Release|Any CPU
		{1B81B226-5E4E-41C4-B85C-D6605D60C918}.Release|Any CPU.Build.0 = Release|Any CPU
		{BB361399-9AF7-4C48-8DC3-715D6F77507C}.Debug|Any CPU.ActiveCfg = Debug|Any CPU
		{BB361399-9AF7-4C48-8DC3-715D6F77507C}.Debug|Any CPU.Build.0 = Debug|Any CPU
		{BB361399-9AF7-4C48-8DC3-715D6F77507C}.Release|Any CPU.ActiveCfg = Release|Any CPU
		{BB361399-9AF7-4C48-8DC3-715D6F77507C}.Release|Any CPU.Build.0 = Release|Any CPU
		{473462AB-2895-4BA1-BF1C-8535A9D450C4}.Debug|Any CPU.ActiveCfg = Debug|Any CPU
		{473462AB-2895-4BA1-BF1C-8535A9D450C4}.Debug|Any CPU.Build.0 = Debug|Any CPU
		{473462AB-2895-4BA1-BF1C-8535A9D450C4}.Release|Any CPU.ActiveCfg = Release|Any CPU
		{473462AB-2895-4BA1-BF1C-8535A9D450C4}.Release|Any CPU.Build.0 = Release|Any CPU
		{FB918B25-C736-4C52-BE21-9D9C756C5564}.Debug|Any CPU.ActiveCfg = Debug|Any CPU
		{FB918B25-C736-4C52-BE21-9D9C756C5564}.Debug|Any CPU.Build.0 = Debug|Any CPU
		{FB918B25-C736-4C52-BE21-9D9C756C5564}.Release|Any CPU.ActiveCfg = Release|Any CPU
		{FB918B25-C736-4C52-BE21-9D9C756C5564}.Release|Any CPU.Build.0 = Release|Any CPU
	EndGlobalSection
	GlobalSection(SolutionProperties) = preSolution
		HideSolutionNode = FALSE
	EndGlobalSection
	GlobalSection(ExtensibilityGlobals) = postSolution
		SolutionGuid = {F1474921-5D08-49DD-81D2-E85293369801}
	EndGlobalSection
EndGlobal
