
Microsoft Visual Studio Solution File, Format Version 12.00
# Visual Studio Version 17
VisualStudioVersion = 17.0.31612.314
MinimumVisualStudioVersion = 10.0.40219.1
Project("{2150E333-8FDC-42A3-9474-1A3956D46DE8}") = "Solution Items", "Solution Items", "{5CE27248-3050-4DA7-967A-A8CD757BBAF5}"
	ProjectSection(SolutionItems) = preProject
		..\contributors.md = ..\contributors.md
		fhir-net-web-api.props = fhir-net-web-api.props
		..\LICENSE = ..\LICENSE
		platforms.props = platforms.props
		..\pull_request_template.md = ..\pull_request_template.md
		..\readme.md = ..\readme.md
	EndProjectSection
EndProject
Project("{9A19103F-16F7-4668-BE54-9A1E7A4F7556}") = "Hl7.DemoFileSystemFhirServer.AspNetCore", "Hl7.DemoFileSystemFhirServer.AspNetCore\Hl7.DemoFileSystemFhirServer.AspNetCore.csproj", "{90623A46-9806-46DF-9E2E-E6BC139B961A}"
EndProject
Project("{9A19103F-16F7-4668-BE54-9A1E7A4F7556}") = "Test.WebApi.AspNetCore", "Test.WebApi.AspNetCore\Test.WebApi.AspNetCore.csproj", "{ED8F6692-A85A-49B8-A7CF-44B45ADAF72F}"
EndProject
Project("{9A19103F-16F7-4668-BE54-9A1E7A4F7556}") = "Test.WebApi.Owin", "Test.WebApi.Owin\Test.WebApi.Owin.csproj", "{1125F427-BD84-451E-AF1D-C853835052CB}"
EndProject
Project("{FAE04EC0-301F-11D3-BF4B-00C04F79EFBC}") = "Hl7.DemoFileSystemFhirServer.Owin", "Hl7.DemoFileSystemFhirServer.Owin\Hl7.DemoFileSystemFhirServer.Owin.csproj", "{79E3D0DC-BFDF-451E-89DE-52AF77F2F416}"
EndProject
Project("{9A19103F-16F7-4668-BE54-9A1E7A4F7556}") = "Hl7.Fhir.R4B.WebApi.AspNetCore", "Hl7.Fhir.R4B.WebApi.AspNetCore\Hl7.Fhir.R4B.WebApi.AspNetCore.csproj", "{7825ADC5-51C5-403A-B5D2-FF1E5B69AA77}"
EndProject
Project("{9A19103F-16F7-4668-BE54-9A1E7A4F7556}") = "Hl7.Fhir.R4B.WebApi.Owin", "Hl7.Fhir.WebApi.Owin\Hl7.Fhir.R4B.WebApi.Owin.csproj", "{F219EEF4-570C-4DFE-9EE4-D11D5D093D5B}"
EndProject
Project("{9A19103F-16F7-4668-BE54-9A1E7A4F7556}") = "Hl7.Fhir.R4B.WebApi.Support", "Hl7.Fhir.R4B.WebApi.Support\Hl7.Fhir.R4B.WebApi.Support.csproj", "{1752B9AD-8F42-4A19-88A5-BD1F68C98228}"
EndProject
Project("{9A19103F-16F7-4668-BE54-9A1E7A4F7556}") = "Hl7.Fhir.R4B.DemoFileSystemServer", "Hl7.Fhir.R4B.DemoFileSystemServer\Hl7.Fhir.R4B.DemoFileSystemServer.csproj", "{1B81B226-5E4E-41C4-B85C-D6605D60C918}"
EndProject
Project("{9A19103F-16F7-4668-BE54-9A1E7A4F7556}") = "Hl7.Fhir.R4B.DemoSqliteServer", "Hl7.Fhir.DemoSqliteServer\Hl7.Fhir.R4B.DemoSqliteServer.csproj", "{BB361399-9AF7-4C48-8DC3-715D6F77507C}"
EndProject
Project("{9A19103F-16F7-4668-BE54-9A1E7A4F7556}") = "Test.Hl7.Fhir.StructuredDataCapture", "Test.Hl7.Fhir.StructuredDataCapture\Test.Hl7.Fhir.StructuredDataCapture.csproj", "{476FF6CE-682E-401A-BFD5-6DE000504AD2}"
EndProject
Project("{9A19103F-16F7-4668-BE54-9A1E7A4F7556}") = "Hl7.DemoSDCExtractOperation", "Hl7.DemoSDCExtractOperation\Hl7.DemoSDCExtractOperation.csproj", "{78DBB9D6-9E23-47AD-B60B-2FB849253765}"
EndProject
Project("{D954291E-2A0B-460D-934E-DC6B0785DB48}") = "Hl7.Fhir.WebApi.Support", "Hl7.Fhir.WebApi.Support\Hl7.Fhir.WebApi.Support.shproj", "{0A985D02-91B3-4D2F-95A0-FCD8BF8635B1}"
EndProject
Project("{9A19103F-16F7-4668-BE54-9A1E7A4F7556}") = "Hl7.Fhir.R4.WebApi.Support", "Hl7.Fhir.R4.WebApi.Support\Hl7.Fhir.R4.WebApi.Support.csproj", "{795E0267-9CB2-46E4-B2A7-F9AE3D7661CE}"
EndProject
Project("{9A19103F-16F7-4668-BE54-9A1E7A4F7556}") = "Hl7.Fhir.R5.WebApi.Support", "Hl7.Fhir.R5.WebApi.Support\Hl7.Fhir.R5.WebApi.Support.csproj", "{78A22D9D-AA52-4466-9DCE-3FCA8BA67F7C}"
EndProject
Project("{D954291E-2A0B-460D-934E-DC6B0785DB48}") = "Hl7.Fhir.WebApi.AspNetCore", "Hl7.Fhir.WebApi.AspNetCore\Hl7.Fhir.WebApi.AspNetCore.shproj", "{398A5346-4AB2-4650-B35C-624F31124F97}"
EndProject
Project("{9A19103F-16F7-4668-BE54-9A1E7A4F7556}") = "Hl7.Fhir.R4.WebApi.AspNetCore", "Hl7.Fhir.R4.WebApi.AspNetCore\Hl7.Fhir.R4.WebApi.AspNetCore.csproj", "{2F27B978-92F3-4B5F-A7E4-8836BE6D30C3}"
EndProject
Project("{9A19103F-16F7-4668-BE54-9A1E7A4F7556}") = "Hl7.Fhir.R5.WebApi.AspNetCore", "Hl7.Fhir.R5.WebApi.AspNetCore\Hl7.Fhir.R5.WebApi.AspNetCore.csproj", "{49C3DA51-9E26-4D93-B96E-4C9687F88BEF}"
EndProject
Project("{D954291E-2A0B-460D-934E-DC6B0785DB48}") = "Hl7.Fhir.DemoFileSystemServer", "Hl7.Fhir.DemoFileSystemServer\Hl7.Fhir.DemoFileSystemServer.shproj", "{BF88A3DB-1689-4F3C-9A9A-B331955CD15B}"
EndProject
Project("{9A19103F-16F7-4668-BE54-9A1E7A4F7556}") = "Hl7.Fhir.R4.DemoFileSystemServer", "Hl7.Fhir.R4.DemoFileSystemServer\Hl7.Fhir.R4.DemoFileSystemServer.csproj", "{C945797F-31F9-4B9B-B0E3-FDBBFA881E69}"
EndProject
Project("{9A19103F-16F7-4668-BE54-9A1E7A4F7556}") = "Hl7.Fhir.R5.DemoFileSystemServer", "Hl7.Fhir.R5.DemoFileSystemServer\Hl7.Fhir.R5.DemoFileSystemServer.csproj", "{A912EA68-E4DA-4948-BB82-FA653CD18B3B}"
EndProject
Project("{9A19103F-16F7-4668-BE54-9A1E7A4F7556}") = "Hl7.Fhir.R4.StructuredDataCapture", "Hl7.Fhir.R4.StructuredDataCapture\Hl7.Fhir.R4.StructuredDataCapture.csproj", "{7AC11A42-17AA-4FD7-9B30-C0C759412429}"
EndProject
Project("{9A19103F-16F7-4668-BE54-9A1E7A4F7556}") = "Hl7.Fhir.R5.StructuredDataCapture", "Hl7.Fhir.R5.StructuredDataCapture\Hl7.Fhir.R5.StructuredDataCapture.csproj", "{7D91EDD9-CEF9-4B67-9623-98C9146046BD}"
EndProject
Project("{D954291E-2A0B-460D-934E-DC6B0785DB48}") = "Hl7.Fhir.StructuredDataCapture", "Hl7.Fhir.StructuredDataCapture\Hl7.Fhir.StructuredDataCapture.shproj", "{8C2BE087-2FC3-4551-85F6-74B04F780E42}"
EndProject
Project("{9A19103F-16F7-4668-BE54-9A1E7A4F7556}") = "Hl7.Fhir.R4B.StructuredDataCapture", "Hl7.Fhir.R4B.StructuredDataCapture\Hl7.Fhir.R4B.StructuredDataCapture.csproj", "{B5E31670-46BB-4474-BD29-C3B454CB3E7A}"
EndProject
Global
	GlobalSection(SolutionConfigurationPlatforms) = preSolution
		Debug|Any CPU = Debug|Any CPU
		Release|Any CPU = Release|Any CPU
	EndGlobalSection
	GlobalSection(ProjectConfigurationPlatforms) = postSolution
		{90623A46-9806-46DF-9E2E-E6BC139B961A}.Debug|Any CPU.ActiveCfg = Debug|Any CPU
		{90623A46-9806-46DF-9E2E-E6BC139B961A}.Debug|Any CPU.Build.0 = Debug|Any CPU
		{90623A46-9806-46DF-9E2E-E6BC139B961A}.Release|Any CPU.ActiveCfg = Release|Any CPU
		{90623A46-9806-46DF-9E2E-E6BC139B961A}.Release|Any CPU.Build.0 = Release|Any CPU
		{ED8F6692-A85A-49B8-A7CF-44B45ADAF72F}.Debug|Any CPU.ActiveCfg = Debug|Any CPU
		{ED8F6692-A85A-49B8-A7CF-44B45ADAF72F}.Debug|Any CPU.Build.0 = Debug|Any CPU
		{ED8F6692-A85A-49B8-A7CF-44B45ADAF72F}.Release|Any CPU.ActiveCfg = Release|Any CPU
		{ED8F6692-A85A-49B8-A7CF-44B45ADAF72F}.Release|Any CPU.Build.0 = Release|Any CPU
		{1125F427-BD84-451E-AF1D-C853835052CB}.Debug|Any CPU.ActiveCfg = Debug|Any CPU
		{1125F427-BD84-451E-AF1D-C853835052CB}.Debug|Any CPU.Build.0 = Debug|Any CPU
		{1125F427-BD84-451E-AF1D-C853835052CB}.Release|Any CPU.ActiveCfg = Release|Any CPU
		{1125F427-BD84-451E-AF1D-C853835052CB}.Release|Any CPU.Build.0 = Release|Any CPU
		{79E3D0DC-BFDF-451E-89DE-52AF77F2F416}.Debug|Any CPU.ActiveCfg = Debug|Any CPU
		{79E3D0DC-BFDF-451E-89DE-52AF77F2F416}.Debug|Any CPU.Build.0 = Debug|Any CPU
		{79E3D0DC-BFDF-451E-89DE-52AF77F2F416}.Release|Any CPU.ActiveCfg = Release|Any CPU
		{79E3D0DC-BFDF-451E-89DE-52AF77F2F416}.Release|Any CPU.Build.0 = Release|Any CPU
		{7825ADC5-51C5-403A-B5D2-FF1E5B69AA77}.Debug|Any CPU.ActiveCfg = Debug|Any CPU
		{7825ADC5-51C5-403A-B5D2-FF1E5B69AA77}.Debug|Any CPU.Build.0 = Debug|Any CPU
		{7825ADC5-51C5-403A-B5D2-FF1E5B69AA77}.Release|Any CPU.ActiveCfg = Release|Any CPU
		{7825ADC5-51C5-403A-B5D2-FF1E5B69AA77}.Release|Any CPU.Build.0 = Release|Any CPU
		{F219EEF4-570C-4DFE-9EE4-D11D5D093D5B}.Debug|Any CPU.ActiveCfg = Debug|Any CPU
		{F219EEF4-570C-4DFE-9EE4-D11D5D093D5B}.Debug|Any CPU.Build.0 = Debug|Any CPU
		{F219EEF4-570C-4DFE-9EE4-D11D5D093D5B}.Release|Any CPU.ActiveCfg = Release|Any CPU
		{F219EEF4-570C-4DFE-9EE4-D11D5D093D5B}.Release|Any CPU.Build.0 = Release|Any CPU
		{1752B9AD-8F42-4A19-88A5-BD1F68C98228}.Debug|Any CPU.ActiveCfg = Debug|Any CPU
		{1752B9AD-8F42-4A19-88A5-BD1F68C98228}.Debug|Any CPU.Build.0 = Debug|Any CPU
		{1752B9AD-8F42-4A19-88A5-BD1F68C98228}.Release|Any CPU.ActiveCfg = Release|Any CPU
		{1752B9AD-8F42-4A19-88A5-BD1F68C98228}.Release|Any CPU.Build.0 = Release|Any CPU
		{1B81B226-5E4E-41C4-B85C-D6605D60C918}.Debug|Any CPU.ActiveCfg = Debug|Any CPU
		{1B81B226-5E4E-41C4-B85C-D6605D60C918}.Debug|Any CPU.Build.0 = Debug|Any CPU
		{1B81B226-5E4E-41C4-B85C-D6605D60C918}.Release|Any CPU.ActiveCfg = Release|Any CPU
		{1B81B226-5E4E-41C4-B85C-D6605D60C918}.Release|Any CPU.Build.0 = Release|Any CPU
		{BB361399-9AF7-4C48-8DC3-715D6F77507C}.Debug|Any CPU.ActiveCfg = Debug|Any CPU
		{BB361399-9AF7-4C48-8DC3-715D6F77507C}.Debug|Any CPU.Build.0 = Debug|Any CPU
		{BB361399-9AF7-4C48-8DC3-715D6F77507C}.Release|Any CPU.ActiveCfg = Release|Any CPU
		{BB361399-9AF7-4C48-8DC3-715D6F77507C}.Release|Any CPU.Build.0 = Release|Any CPU
		{476FF6CE-682E-401A-BFD5-6DE000504AD2}.Debug|Any CPU.ActiveCfg = Debug|Any CPU
		{476FF6CE-682E-401A-BFD5-6DE000504AD2}.Debug|Any CPU.Build.0 = Debug|Any CPU
		{476FF6CE-682E-401A-BFD5-6DE000504AD2}.Release|Any CPU.ActiveCfg = Release|Any CPU
		{476FF6CE-682E-401A-BFD5-6DE000504AD2}.Release|Any CPU.Build.0 = Release|Any CPU
		{78DBB9D6-9E23-47AD-B60B-2FB849253765}.Debug|Any CPU.ActiveCfg = Debug|Any CPU
		{78DBB9D6-9E23-47AD-B60B-2FB849253765}.Debug|Any CPU.Build.0 = Debug|Any CPU
		{78DBB9D6-9E23-47AD-B60B-2FB849253765}.Release|Any CPU.ActiveCfg = Release|Any CPU
		{78DBB9D6-9E23-47AD-B60B-2FB849253765}.Release|Any CPU.Build.0 = Release|Any CPU
		{795E0267-9CB2-46E4-B2A7-F9AE3D7661CE}.Debug|Any CPU.ActiveCfg = Debug|Any CPU
		{795E0267-9CB2-46E4-B2A7-F9AE3D7661CE}.Debug|Any CPU.Build.0 = Debug|Any CPU
		{795E0267-9CB2-46E4-B2A7-F9AE3D7661CE}.Release|Any CPU.ActiveCfg = Release|Any CPU
		{795E0267-9CB2-46E4-B2A7-F9AE3D7661CE}.Release|Any CPU.Build.0 = Release|Any CPU
		{78A22D9D-AA52-4466-9DCE-3FCA8BA67F7C}.Debug|Any CPU.ActiveCfg = Debug|Any CPU
		{78A22D9D-AA52-4466-9DCE-3FCA8BA67F7C}.Debug|Any CPU.Build.0 = Debug|Any CPU
		{78A22D9D-AA52-4466-9DCE-3FCA8BA67F7C}.Release|Any CPU.ActiveCfg = Release|Any CPU
		{78A22D9D-AA52-4466-9DCE-3FCA8BA67F7C}.Release|Any CPU.Build.0 = Release|Any CPU
		{2F27B978-92F3-4B5F-A7E4-8836BE6D30C3}.Debug|Any CPU.ActiveCfg = Debug|Any CPU
		{2F27B978-92F3-4B5F-A7E4-8836BE6D30C3}.Debug|Any CPU.Build.0 = Debug|Any CPU
		{2F27B978-92F3-4B5F-A7E4-8836BE6D30C3}.Release|Any CPU.ActiveCfg = Release|Any CPU
		{2F27B978-92F3-4B5F-A7E4-8836BE6D30C3}.Release|Any CPU.Build.0 = Release|Any CPU
		{49C3DA51-9E26-4D93-B96E-4C9687F88BEF}.Debug|Any CPU.ActiveCfg = Debug|Any CPU
		{49C3DA51-9E26-4D93-B96E-4C9687F88BEF}.Debug|Any CPU.Build.0 = Debug|Any CPU
		{49C3DA51-9E26-4D93-B96E-4C9687F88BEF}.Release|Any CPU.ActiveCfg = Release|Any CPU
		{49C3DA51-9E26-4D93-B96E-4C9687F88BEF}.Release|Any CPU.Build.0 = Release|Any CPU
		{C945797F-31F9-4B9B-B0E3-FDBBFA881E69}.Debug|Any CPU.ActiveCfg = Debug|Any CPU
		{C945797F-31F9-4B9B-B0E3-FDBBFA881E69}.Debug|Any CPU.Build.0 = Debug|Any CPU
		{C945797F-31F9-4B9B-B0E3-FDBBFA881E69}.Release|Any CPU.ActiveCfg = Release|Any CPU
		{C945797F-31F9-4B9B-B0E3-FDBBFA881E69}.Release|Any CPU.Build.0 = Release|Any CPU
		{A912EA68-E4DA-4948-BB82-FA653CD18B3B}.Debug|Any CPU.ActiveCfg = Debug|Any CPU
		{A912EA68-E4DA-4948-BB82-FA653CD18B3B}.Debug|Any CPU.Build.0 = Debug|Any CPU
		{A912EA68-E4DA-4948-BB82-FA653CD18B3B}.Release|Any CPU.ActiveCfg = Release|Any CPU
		{A912EA68-E4DA-4948-BB82-FA653CD18B3B}.Release|Any CPU.Build.0 = Release|Any CPU
		{7AC11A42-17AA-4FD7-9B30-C0C759412429}.Debug|Any CPU.ActiveCfg = Debug|Any CPU
		{7AC11A42-17AA-4FD7-9B30-C0C759412429}.Debug|Any CPU.Build.0 = Debug|Any CPU
		{7AC11A42-17AA-4FD7-9B30-C0C759412429}.Release|Any CPU.ActiveCfg = Release|Any CPU
		{7AC11A42-17AA-4FD7-9B30-C0C759412429}.Release|Any CPU.Build.0 = Release|Any CPU
		{7D91EDD9-CEF9-4B67-9623-98C9146046BD}.Debug|Any CPU.ActiveCfg = Debug|Any CPU
		{7D91EDD9-CEF9-4B67-9623-98C9146046BD}.Debug|Any CPU.Build.0 = Debug|Any CPU
		{7D91EDD9-CEF9-4B67-9623-98C9146046BD}.Release|Any CPU.ActiveCfg = Release|Any CPU
		{7D91EDD9-CEF9-4B67-9623-98C9146046BD}.Release|Any CPU.Build.0 = Release|Any CPU
		{B5E31670-46BB-4474-BD29-C3B454CB3E7A}.Debug|Any CPU.ActiveCfg = Debug|Any CPU
		{B5E31670-46BB-4474-BD29-C3B454CB3E7A}.Debug|Any CPU.Build.0 = Debug|Any CPU
		{B5E31670-46BB-4474-BD29-C3B454CB3E7A}.Release|Any CPU.ActiveCfg = Release|Any CPU
		{B5E31670-46BB-4474-BD29-C3B454CB3E7A}.Release|Any CPU.Build.0 = Release|Any CPU
	EndGlobalSection
	GlobalSection(SolutionProperties) = preSolution
		HideSolutionNode = FALSE
	EndGlobalSection
	GlobalSection(ExtensibilityGlobals) = postSolution
		SolutionGuid = {F1474921-5D08-49DD-81D2-E85293369801}
	EndGlobalSection
	GlobalSection(SharedMSBuildProjectFiles) = preSolution
		Hl7.Fhir.WebApi.Support\Hl7.Fhir.WebApi.Support.projitems*{0a985d02-91b3-4d2f-95a0-fcd8bf8635b1}*SharedItemsImports = 13
		Hl7.Fhir.WebApi.Support\Hl7.Fhir.WebApi.Support.projitems*{1752b9ad-8f42-4a19-88a5-bd1f68c98228}*SharedItemsImports = 5
		Hl7.Fhir.DemoFileSystemServer\Hl7.Fhir.DemoFileSystemServer.projitems*{1b81b226-5e4e-41c4-b85c-d6605d60c918}*SharedItemsImports = 5
		Hl7.Fhir.WebApi.AspNetCore\Hl7.Fhir.WebApi.AspNetCore.projitems*{2f27b978-92f3-4b5f-a7e4-8836be6d30c3}*SharedItemsImports = 5
		Hl7.Fhir.WebApi.AspNetCore\Hl7.Fhir.WebApi.AspNetCore.projitems*{398a5346-4ab2-4650-b35c-624f31124f97}*SharedItemsImports = 13
		Hl7.Fhir.WebApi.AspNetCore\Hl7.Fhir.WebApi.AspNetCore.projitems*{49c3da51-9e26-4d93-b96e-4c9687f88bef}*SharedItemsImports = 5
		Hl7.Fhir.WebApi.AspNetCore\Hl7.Fhir.WebApi.AspNetCore.projitems*{7825adc5-51c5-403a-b5d2-ff1e5b69aa77}*SharedItemsImports = 5
		Hl7.Fhir.WebApi.Support\Hl7.Fhir.WebApi.Support.projitems*{78a22d9d-aa52-4466-9dce-3fca8ba67f7c}*SharedItemsImports = 5
		Hl7.Fhir.WebApi.Support\Hl7.Fhir.WebApi.Support.projitems*{795e0267-9cb2-46e4-b2a7-f9ae3d7661ce}*SharedItemsImports = 5
		Hl7.Fhir.StructuredDataCapture\Hl7.Fhir.StructuredDataCapture.projitems*{7ac11a42-17aa-4fd7-9b30-c0c759412429}*SharedItemsImports = 5
		Hl7.Fhir.StructuredDataCapture\Hl7.Fhir.StructuredDataCapture.projitems*{7d91edd9-cef9-4b67-9623-98c9146046bd}*SharedItemsImports = 5
		Hl7.Fhir.StructuredDataCapture\Hl7.Fhir.StructuredDataCapture.projitems*{8c2be087-2fc3-4551-85f6-74b04f780e42}*SharedItemsImports = 13
		Hl7.Fhir.DemoFileSystemServer\Hl7.Fhir.DemoFileSystemServer.projitems*{a912ea68-e4da-4948-bb82-fa653cd18b3b}*SharedItemsImports = 5
		Hl7.Fhir.StructuredDataCapture\Hl7.Fhir.StructuredDataCapture.projitems*{b5e31670-46bb-4474-bd29-c3b454cb3e7a}*SharedItemsImports = 5
		Hl7.Fhir.DemoFileSystemServer\Hl7.Fhir.DemoFileSystemServer.projitems*{bf88a3db-1689-4f3c-9a9a-b331955cd15b}*SharedItemsImports = 13
		Hl7.Fhir.DemoFileSystemServer\Hl7.Fhir.DemoFileSystemServer.projitems*{c945797f-31f9-4b9b-b0e3-fdbbfa881e69}*SharedItemsImports = 5
	EndGlobalSection
EndGlobal
